
Microsoft Visual Studio Solution File, Format Version 12.00
# Visual Studio Version 16
VisualStudioVersion = 16.0.30011.22
MinimumVisualStudioVersion = 10.0.40219.1
Project("{FAE04EC0-301F-11D3-BF4B-00C04F79EFBC}") = "ScreenMirror", "ScreenMirror.csproj", "{81F9394E-D394-43BE-B85E-C643E9898C10}"
EndProject
Global
	GlobalSection(SolutionConfigurationPlatforms) = preSolution
		Debug|Any CPU = Debug|Any CPU
		Release|Any CPU = Release|Any CPU
	EndGlobalSection
	GlobalSection(ProjectConfigurationPlatforms) = postSolution
		{81F9394E-D394-43BE-B85E-C643E9898C10}.Debug|Any CPU.ActiveCfg = Debug|Any CPU
		{81F9394E-D394-43BE-B85E-C643E9898C10}.Debug|Any CPU.Build.0 = Debug|Any CPU
		{81F9394E-D394-43BE-B85E-C643E9898C10}.Release|Any CPU.ActiveCfg = Release|Any CPU
		{81F9394E-D394-43BE-B85E-C643E9898C10}.Release|Any CPU.Build.0 = Release|Any CPU
	EndGlobalSection
	GlobalSection(SolutionProperties) = preSolution
		HideSolutionNode = FALSE
	EndGlobalSection
	GlobalSection(ExtensibilityGlobals) = postSolution
		SolutionGuid = {3DBCA397-94BF-4C56-9FD3-74ED09E9E0A7}
	EndGlobalSection
EndGlobal
